
Microsoft Visual Studio Solution File, Format Version 12.00
# Visual Studio Version 17
VisualStudioVersion = 17.14.36414.22 d17.14
MinimumVisualStudioVersion = 10.0.40219.1
Project("{FAE04EC0-301F-11D3-BF4B-00C04F79EFBC}") = "FrecuentAskedQuestions", "FrecuentAskedQuestions\FrecuentAskedQuestions.csproj", "{47D0752E-A517-4674-8B45-0A843ED2655B}"
EndProject
Global
	GlobalSection(SolutionConfigurationPlatforms) = preSolution
		Debug|Any CPU = Debug|Any CPU
		Release|Any CPU = Release|Any CPU
	EndGlobalSection
	GlobalSection(ProjectConfigurationPlatforms) = postSolution
		{47D0752E-A517-4674-8B45-0A843ED2655B}.Debug|Any CPU.ActiveCfg = Debug|Any CPU
		{47D0752E-A517-4674-8B45-0A843ED2655B}.Debug|Any CPU.Build.0 = Debug|Any CPU
		{47D0752E-A517-4674-8B45-0A843ED2655B}.Release|Any CPU.ActiveCfg = Release|Any CPU
		{47D0752E-A517-4674-8B45-0A843ED2655B}.Release|Any CPU.Build.0 = Release|Any CPU
	EndGlobalSection
	GlobalSection(SolutionProperties) = preSolution
		HideSolutionNode = FALSE
	EndGlobalSection
	GlobalSection(ExtensibilityGlobals) = postSolution
		SolutionGuid = {43E20BD8-6999-433F-8A9D-25A6080B84A1}
	EndGlobalSection
EndGlobal
